Microsoft Visual Studio Solution File, Format Version 12.00
# Visual Studio Version 18
VisualStudioVersion = 18.0.11111.16 d18.0
MinimumVisualStudioVersion = 10.0.40219.1
Project("{2150E333-8FDC-42A3-9474-1A3956D46DE8}") = "Tests", "Tests", "{A10B5CD6-38EC-4D7E-9D1C-2EBA8017E437}"
EndProject
Project("{2150E333-8FDC-42A3-9474-1A3956D46DE8}") = "Solution Items", "Solution Items", "{577A0375-1436-446C-802B-3C75C8CEF94F}"
	ProjectSection(SolutionItems) = preProject
		.editorconfig = .editorconfig
		.gitignore = .gitignore
		CHANGELOG.md = CHANGELOG.md
		CONTRIBUTING.md = CONTRIBUTING.md
		LICENSE = LICENSE
		README.md = README.md
		RELEASING.md = RELEASING.md
	EndProjectSection
EndProject
Project("{2150E333-8FDC-42A3-9474-1A3956D46DE8}") = "UnitTests", "UnitTests", "{0359B7D7-7E29-48E9-8DF9-7D1FACFA5CFA}"
EndProject
Project("{2150E333-8FDC-42A3-9474-1A3956D46DE8}") = "Build", "Build", "{D87E7021-4926-4F5A-AC81-92AFC575FB7E}"
	ProjectSection(SolutionItems) = preProject
		Directory.Build.props = Directory.Build.props
		Directory.Build.targets = Directory.Build.targets
		nuget.config = nuget.config
	EndProjectSection
EndProject
Project("{9A19103F-16F7-4668-BE54-9A1E7A4F7556}") = "Reqnroll.Specs", "Tests\Reqnroll.Specs\Reqnroll.Specs.csproj", "{2D7D31B3-E8D0-445A-BB24-216ABA3CB778}"
EndProject
Project("{9A19103F-16F7-4668-BE54-9A1E7A4F7556}") = "Reqnroll.GeneratorTests", "Tests\Reqnroll.GeneratorTests\Reqnroll.GeneratorTests.csproj", "{48E0CB65-33D4-49CD-9E22-1AD49D8684B0}"
EndProject
Project("{9A19103F-16F7-4668-BE54-9A1E7A4F7556}") = "Reqnroll.RuntimeTests", "Tests\Reqnroll.RuntimeTests\Reqnroll.RuntimeTests.csproj", "{7E637287-6E34-4BEC-8226-B052062AEA1F}"
EndProject
Project("{9A19103F-16F7-4668-BE54-9A1E7A4F7556}") = "Reqnroll.Parser", "Reqnroll.Parser\Reqnroll.Parser.csproj", "{ABA918DA-C436-4EE2-B23D-FD0B24403B27}"
EndProject
Project("{9A19103F-16F7-4668-BE54-9A1E7A4F7556}") = "Reqnroll", "Reqnroll\Reqnroll.csproj", "{413EE28C-4F89-4C6F-BA1E-2CDEE4CD43B4}"
EndProject
Project("{9A19103F-16F7-4668-BE54-9A1E7A4F7556}") = "Reqnroll.Generator", "Reqnroll.Generator\Reqnroll.Generator.csproj", "{F0A50949-8FE1-4048-9A3E-BB0498843669}"
EndProject
Project("{9A19103F-16F7-4668-BE54-9A1E7A4F7556}") = "Reqnroll.Utils", "Reqnroll.Utils\Reqnroll.Utils.csproj", "{D719B8EA-6C89-4B81-AABD-65ACF562F521}"
EndProject
Project("{9A19103F-16F7-4668-BE54-9A1E7A4F7556}") = "Reqnroll.TestProjectGenerator", "Tests\TestProjectGenerator\Reqnroll.TestProjectGenerator\Reqnroll.TestProjectGenerator.csproj", "{FA04B445-D04C-4075-9EB0-4D0A70E47FC4}"
EndProject
Project("{9A19103F-16F7-4668-BE54-9A1E7A4F7556}") = "Reqnroll.Tools.MsBuild.Generation", "Reqnroll.Tools.MsBuild.Generation\Reqnroll.Tools.MsBuild.Generation.csproj", "{AE2FCDBB-0933-4751-BF17-8D9BF9B2055A}"
EndProject
Project("{2150E333-8FDC-42A3-9474-1A3956D46DE8}") = "Licenses", "Licenses", "{D7B9D08E-67E6-4294-9E1F-2AB119571BD7}"
	ProjectSection(SolutionItems) = preProject
		Licenses\Cucumber.CucumberExpressions-LICENSE-MIT.txt = Licenses\Cucumber.CucumberExpressions-LICENSE-MIT.txt
		Licenses\Cucumber.HtmlFormatter-LICENSE-MIT.txt = Licenses\Cucumber.HtmlFormatter-LICENSE-MIT.txt
		Licenses\Cucumber.Messages-LICENSE-MIT.txt = Licenses\Cucumber.Messages-LICENSE-MIT.txt
		Licenses\Cucumber.React-Components-LICENSE-MIT.txt = Licenses\Cucumber.React-Components-LICENSE-MIT.txt
		Licenses\Gherkin-LICENSE-MIT.txt = Licenses\Gherkin-LICENSE-MIT.txt
	EndProjectSection
EndProject
Project("{2150E333-8FDC-42A3-9474-1A3956D46DE8}") = "TestProjectGenerator", "TestProjectGenerator", "{974420E8-FEEA-4564-B4CE-BE06F7457E3B}"
EndProject
Project("{9A19103F-16F7-4668-BE54-9A1E7A4F7556}") = "Reqnroll.TestProjectGenerator.Tests", "Tests\TestProjectGenerator\Reqnroll.TestProjectGenerator.Tests\Reqnroll.TestProjectGenerator.Tests.csproj", "{1B51F6C9-226E-479B-9212-E6C02A1E6633}"
EndProject
Project("{2150E333-8FDC-42A3-9474-1A3956D46DE8}") = "Plugins", "Plugins", "{8BE0FE31-6A52-452E-BE71-B8C64A3ED402}"
EndProject
Project("{9A19103F-16F7-4668-BE54-9A1E7A4F7556}") = "Reqnroll.xUnit.ReqnrollPlugin", "Plugins\Reqnroll.xUnit.ReqnrollPlugin\Reqnroll.xUnit.ReqnrollPlugin.csproj", "{D649B28A-352C-4CB0-B6F2-0570DD181F60}"
EndProject
Project("{9A19103F-16F7-4668-BE54-9A1E7A4F7556}") = "Reqnroll.NUnit.ReqnrollPlugin", "Plugins\Reqnroll.NUnit.ReqnrollPlugin\Reqnroll.NUnit.ReqnrollPlugin.csproj", "{D151832C-15D6-4869-9999-B245443BC23E}"
EndProject
Project("{9A19103F-16F7-4668-BE54-9A1E7A4F7556}") = "Reqnroll.MSTest.ReqnrollPlugin", "Plugins\Reqnroll.MSTest.ReqnrollPlugin\Reqnroll.MSTest.ReqnrollPlugin.csproj", "{EC77355C-D442-416A-AE67-E42D5FAD0FB9}"
EndProject
Project("{9A19103F-16F7-4668-BE54-9A1E7A4F7556}") = "Reqnroll.xUnit.Generator.ReqnrollPlugin", "Plugins\Reqnroll.xUnit.Generator.ReqnrollPlugin\Reqnroll.xUnit.Generator.ReqnrollPlugin.csproj", "{5CD2408D-6A5A-4824-8F28-A2421088BEF0}"
EndProject
Project("{9A19103F-16F7-4668-BE54-9A1E7A4F7556}") = "Reqnroll.MSTest.Generator.ReqnrollPlugin", "Plugins\Reqnroll.MSTest.Generator.ReqnrollPlugin\Reqnroll.MSTest.Generator.ReqnrollPlugin.csproj", "{556F5CA5-5497-4F32-9926-77A9369AB09C}"
EndProject
Project("{9A19103F-16F7-4668-BE54-9A1E7A4F7556}") = "Reqnroll.NUnit.Generator.ReqnrollPlugin", "Plugins\Reqnroll.NUnit.Generator.ReqnrollPlugin\Reqnroll.NUnit.Generator.ReqnrollPlugin.csproj", "{69473C7E-DBA7-478B-AE6D-C185AA910FD2}"
EndProject
Project("{9A19103F-16F7-4668-BE54-9A1E7A4F7556}") = "Reqnroll.PluginTests", "Tests\Reqnroll.PluginTests\Reqnroll.PluginTests.csproj", "{204B619C-6D4B-4384-B1E9-E231BA0081BF}"
EndProject
Project("{9A19103F-16F7-4668-BE54-9A1E7A4F7556}") = "Reqnroll.CustomPlugin", "Plugins\Reqnroll.CustomPlugin\Reqnroll.CustomPlugin.csproj", "{FA9DFEFA-4F35-4A57-91AE-64C7B5D41EAA}"
EndProject
Project("{9A19103F-16F7-4668-BE54-9A1E7A4F7556}") = "Reqnroll.Autofac.ReqnrollPlugin", "Plugins\Reqnroll.Autofac.ReqnrollPlugin\Reqnroll.Autofac.ReqnrollPlugin.csproj", "{EA16606D-6F1C-4A4D-B7A1-8A08B448CD86}"
EndProject
Project("{9A19103F-16F7-4668-BE54-9A1E7A4F7556}") = "Reqnroll.Templates.DotNet", "Templates\Reqnroll.Templates.DotNet\Reqnroll.Templates.DotNet.csproj", "{B7F589EB-524F-4BAD-9419-6576F6527670}"
EndProject
Project("{2150E333-8FDC-42A3-9474-1A3956D46DE8}") = "Templates", "Templates", "{05275A0B-57E4-484C-B181-227697C7B89A}"
EndProject
Project("{9A19103F-16F7-4668-BE54-9A1E7A4F7556}") = "Reqnroll.Windsor.ReqnrollPlugin", "Plugins\Reqnroll.Windsor.ReqnrollPlugin\Reqnroll.Windsor.ReqnrollPlugin.csproj", "{A3931239-01D7-4277-9A7C-44D751BA746A}"
EndProject
Project("{2150E333-8FDC-42A3-9474-1A3956D46DE8}") = "ExternalData", "ExternalData", "{16EAF4F9-9860-4BB9-8992-98522E68E570}"
EndProject
Project("{9A19103F-16F7-4668-BE54-9A1E7A4F7556}") = "Reqnroll.ExternalData.ReqnrollPlugin", "Plugins\Reqnroll.ExternalData\Reqnroll.ExternalData.ReqnrollPlugin\Reqnroll.ExternalData.ReqnrollPlugin.csproj", "{AF7CACE6-1F26-454D-A814-19CFCF7C5810}"
EndProject
Project("{9A19103F-16F7-4668-BE54-9A1E7A4F7556}") = "Reqnroll.ExternalData.ReqnrollPlugin.IntegrationTest", "Plugins\Reqnroll.ExternalData\Reqnroll.ExternalData.ReqnrollPlugin.IntegrationTest\Reqnroll.ExternalData.ReqnrollPlugin.IntegrationTest.csproj", "{C681C731-49F2-4C93-A730-467251741457}"
EndProject
Project("{2150E333-8FDC-42A3-9474-1A3956D46DE8}") = "Verify", "Verify", "{229D5199-8A48-4174-AE8F-0B4C91170751}"
EndProject
Project("{9A19103F-16F7-4668-BE54-9A1E7A4F7556}") = "Reqnroll.Verify.ReqnrollPlugin", "Plugins\Reqnroll.Verify\Reqnroll.Verify.ReqnrollPlugin\Reqnroll.Verify.ReqnrollPlugin.csproj", "{93476F8A-EBF1-4DB4-929F-77F5B96D08E0}"
EndProject
Project("{9A19103F-16F7-4668-BE54-9A1E7A4F7556}") = "Reqnroll.TestProjectGenerator.Cli", "Tests\TestProjectGenerator\Reqnroll.TestProjectGenerator.Cli\Reqnroll.TestProjectGenerator.Cli.csproj", "{56BECF00-09F0-463A-A720-BED4495E51E8}"
EndProject
Project("{2150E333-8FDC-42A3-9474-1A3956D46DE8}") = "SpecFlowCompatibility", "SpecFlowCompatibility", "{6070E0CF-FA21-4E82-8A22-3B638CA84525}"
EndProject
Project("{9A19103F-16F7-4668-BE54-9A1E7A4F7556}") = "Reqnroll.SpecFlowCompatibility.ReqnrollPlugin", "Plugins\Reqnroll.SpecFlowCompatibility.ReqnrollPlugin\Reqnroll.SpecFlowCompatibility.ReqnrollPlugin.csproj", "{2FCD6A28-2134-435E-A205-3D55A6F5A389}"
EndProject
Project("{9A19103F-16F7-4668-BE54-9A1E7A4F7556}") = "Reqnroll.SpecFlowCompatibility.Generator.ReqnrollPlugin", "Plugins\Reqnroll.SpecFlowCompatibility.Generator.ReqnrollPlugin\Reqnroll.SpecFlowCompatibility.Generator.ReqnrollPlugin.csproj", "{C073A609-8A6A-4707-86B0-7BB32EF8ACEE}"
EndProject
Project("{2150E333-8FDC-42A3-9474-1A3956D46DE8}") = "GitHubWorkflows", "GitHubWorkflows", "{B6B374C2-ABD8-4F3B-BBF4-505992309168}"
	ProjectSection(SolutionItems) = preProject
		.github\workflows\ci.yml = .github\workflows\ci.yml
		.github\workflows\lock.yml = .github\workflows\lock.yml
	EndProjectSection
EndProject
Project("{9A19103F-16F7-4668-BE54-9A1E7A4F7556}") = "Reqnroll.SystemTests", "Tests\Reqnroll.SystemTests\Reqnroll.SystemTests.csproj", "{C658B37D-FD36-4868-9070-4EB452FAE526}"
EndProject
Project("{9A19103F-16F7-4668-BE54-9A1E7A4F7556}") = "Reqnroll.Microsoft.Extensions.DependencyInjection.ReqnrollPlugin", "Plugins\Reqnroll.Microsoft.Extensions.DependencyInjection.ReqnrollPlugin\Reqnroll.Microsoft.Extensions.DependencyInjection.ReqnrollPlugin.csproj", "{6CBEB31D-5F98-460F-B193-578AEEA78CF9}"
EndProject
Project("{2150E333-8FDC-42A3-9474-1A3956D46DE8}") = "Resources", "Resources", "{53475D78-4500-4399-9539-0D5403C13C7A}"
	ProjectSection(SolutionItems) = preProject
		reqnroll-config.json = reqnroll-config.json
		reqnroll-icon.png = reqnroll-icon.png
		reqnroll.ico = reqnroll.ico
	EndProjectSection
EndProject
Project("{FAE04EC0-301F-11D3-BF4B-00C04F79EFBC}") = "Reqnroll.Assist.Dynamic", "Plugins\Reqnroll.Assist.Dynamic\Reqnroll.Assist.Dynamic\Reqnroll.Assist.Dynamic.csproj", "{1F189DA5-C5E9-4168-B65B-8BE22BB05912}"
EndProject
Project("{FAE04EC0-301F-11D3-BF4B-00C04F79EFBC}") = "Reqnroll.Assist.Dynamic.Specs", "Plugins\Reqnroll.Assist.Dynamic\Reqnroll.Assist.Dynamic.Specs\Reqnroll.Assist.Dynamic.Specs.csproj", "{4FF6D163-9E9B-4F5F-8742-B6D902EDC358}"
EndProject
Project("{2150E333-8FDC-42A3-9474-1A3956D46DE8}") = "Assist.Dynamic", "Assist.Dynamic", "{D93DD6F6-7AA0-402C-845C-A7FDF722D0A2}"
EndProject
Project("{FAE04EC0-301F-11D3-BF4B-00C04F79EFBC}") = "Reqnroll.xUnit3.Generator.ReqnrollPlugin", "Plugins\Reqnroll.xUnit3.Generator.ReqnrollPlugin\Reqnroll.xUnit3.Generator.ReqnrollPlugin.csproj", "{D3270F02-BD3C-413F-8138-DD6B68B44ACF}"
EndProject
Project("{FAE04EC0-301F-11D3-BF4B-00C04F79EFBC}") = "Reqnroll.xUnit3.ReqnrollPlugin", "Plugins\Reqnroll.xUnit3.ReqnrollPlugin\Reqnroll.xUnit3.ReqnrollPlugin.csproj", "{53B4DA61-8594-4D17-87C9-2773D4FCA6EA}"
EndProject
Project("{FAE04EC0-301F-11D3-BF4B-00C04F79EFBC}") = "Reqnroll.TUnit.ReqnrollPlugin", "Plugins\Reqnroll.TUnit.ReqnrollPlugin\Reqnroll.TUnit.ReqnrollPlugin.csproj", "{67EC9444-7D34-4C75-B34D-FBA0F35A25CE}"
EndProject
Project("{FAE04EC0-301F-11D3-BF4B-00C04F79EFBC}") = "Reqnroll.TUnit.Generator.ReqnrollPlugin", "Plugins\Reqnroll.TUnit.Generator.ReqnrollPlugin\Reqnroll.TUnit.Generator.ReqnrollPlugin.csproj", "{185C7215-66EE-4CB5-ADB5-331DC53EA81F}"
EndProject
Project("{FAE04EC0-301F-11D3-BF4B-00C04F79EFBC}") = "Reqnroll.Formatters.Tests", "Tests\Reqnroll.Formatters.Tests\Reqnroll.Formatters.Tests.csproj", "{90C5D62C-CE31-2F54-BEF9-F0DA12C8CE19}"
EndProject
Global
	GlobalSection(SolutionConfigurationPlatforms) = preSolution
		Debug|Any CPU = Debug|Any CPU
		Release|Any CPU = Release|Any CPU
	EndGlobalSection
	GlobalSection(ProjectConfigurationPlatforms) = postSolution
		{2D7D31B3-E8D0-445A-BB24-216ABA3CB778}.Debug|Any CPU.ActiveCfg = Debug|Any CPU
		{2D7D31B3-E8D0-445A-BB24-216ABA3CB778}.Debug|Any CPU.Build.0 = Debug|Any CPU
		{2D7D31B3-E8D0-445A-BB24-216ABA3CB778}.Release|Any CPU.ActiveCfg = Release|Any CPU
		{2D7D31B3-E8D0-445A-BB24-216ABA3CB778}.Release|Any CPU.Build.0 = Release|Any CPU
		{48E0CB65-33D4-49CD-9E22-1AD49D8684B0}.Debug|Any CPU.ActiveCfg = Debug|Any CPU
		{48E0CB65-33D4-49CD-9E22-1AD49D8684B0}.Debug|Any CPU.Build.0 = Debug|Any CPU
		{48E0CB65-33D4-49CD-9E22-1AD49D8684B0}.Release|Any CPU.ActiveCfg = Release|Any CPU
		{48E0CB65-33D4-49CD-9E22-1AD49D8684B0}.Release|Any CPU.Build.0 = Release|Any CPU
		{7E637287-6E34-4BEC-8226-B052062AEA1F}.Debug|Any CPU.ActiveCfg = Debug|Any CPU
		{7E637287-6E34-4BEC-8226-B052062AEA1F}.Debug|Any CPU.Build.0 = Debug|Any CPU
		{7E637287-6E34-4BEC-8226-B052062AEA1F}.Release|Any CPU.ActiveCfg = Release|Any CPU
		{7E637287-6E34-4BEC-8226-B052062AEA1F}.Release|Any CPU.Build.0 = Release|Any CPU
		{ABA918DA-C436-4EE2-B23D-FD0B24403B27}.Debug|Any CPU.ActiveCfg = Debug|Any CPU
		{ABA918DA-C436-4EE2-B23D-FD0B24403B27}.Debug|Any CPU.Build.0 = Debug|Any CPU
		{ABA918DA-C436-4EE2-B23D-FD0B24403B27}.Release|Any CPU.ActiveCfg = Release|Any CPU
		{ABA918DA-C436-4EE2-B23D-FD0B24403B27}.Release|Any CPU.Build.0 = Release|Any CPU
		{413EE28C-4F89-4C6F-BA1E-2CDEE4CD43B4}.Debug|Any CPU.ActiveCfg = Debug|Any CPU
		{413EE28C-4F89-4C6F-BA1E-2CDEE4CD43B4}.Debug|Any CPU.Build.0 = Debug|Any CPU
		{413EE28C-4F89-4C6F-BA1E-2CDEE4CD43B4}.Release|Any CPU.ActiveCfg = Release|Any CPU
		{413EE28C-4F89-4C6F-BA1E-2CDEE4CD43B4}.Release|Any CPU.Build.0 = Release|Any CPU
		{F0A50949-8FE1-4048-9A3E-BB0498843669}.Debug|Any CPU.ActiveCfg = Debug|Any CPU
		{F0A50949-8FE1-4048-9A3E-BB0498843669}.Debug|Any CPU.Build.0 = Debug|Any CPU
		{F0A50949-8FE1-4048-9A3E-BB0498843669}.Release|Any CPU.ActiveCfg = Release|Any CPU
		{F0A50949-8FE1-4048-9A3E-BB0498843669}.Release|Any CPU.Build.0 = Release|Any CPU
		{D719B8EA-6C89-4B81-AABD-65ACF562F521}.Debug|Any CPU.ActiveCfg = Debug|Any CPU
		{D719B8EA-6C89-4B81-AABD-65ACF562F521}.Debug|Any CPU.Build.0 = Debug|Any CPU
		{D719B8EA-6C89-4B81-AABD-65ACF562F521}.Release|Any CPU.ActiveCfg = Release|Any CPU
		{D719B8EA-6C89-4B81-AABD-65ACF562F521}.Release|Any CPU.Build.0 = Release|Any CPU
		{FA04B445-D04C-4075-9EB0-4D0A70E47FC4}.Debug|Any CPU.ActiveCfg = Debug|Any CPU
		{FA04B445-D04C-4075-9EB0-4D0A70E47FC4}.Debug|Any CPU.Build.0 = Debug|Any CPU
		{FA04B445-D04C-4075-9EB0-4D0A70E47FC4}.Release|Any CPU.ActiveCfg = Release|Any CPU
		{FA04B445-D04C-4075-9EB0-4D0A70E47FC4}.Release|Any CPU.Build.0 = Release|Any CPU
		{AE2FCDBB-0933-4751-BF17-8D9BF9B2055A}.Debug|Any CPU.ActiveCfg = Debug|Any CPU
		{AE2FCDBB-0933-4751-BF17-8D9BF9B2055A}.Debug|Any CPU.Build.0 = Debug|Any CPU
		{AE2FCDBB-0933-4751-BF17-8D9BF9B2055A}.Release|Any CPU.ActiveCfg = Release|Any CPU
		{AE2FCDBB-0933-4751-BF17-8D9BF9B2055A}.Release|Any CPU.Build.0 = Release|Any CPU
		{1B51F6C9-226E-479B-9212-E6C02A1E6633}.Debug|Any CPU.ActiveCfg = Debug|Any CPU
		{1B51F6C9-226E-479B-9212-E6C02A1E6633}.Debug|Any CPU.Build.0 = Debug|Any CPU
		{1B51F6C9-226E-479B-9212-E6C02A1E6633}.Release|Any CPU.ActiveCfg = Release|Any CPU
		{1B51F6C9-226E-479B-9212-E6C02A1E6633}.Release|Any CPU.Build.0 = Release|Any CPU
		{D649B28A-352C-4CB0-B6F2-0570DD181F60}.Debug|Any CPU.ActiveCfg = Debug|Any CPU
		{D649B28A-352C-4CB0-B6F2-0570DD181F60}.Debug|Any CPU.Build.0 = Debug|Any CPU
		{D649B28A-352C-4CB0-B6F2-0570DD181F60}.Release|Any CPU.ActiveCfg = Release|Any CPU
		{D649B28A-352C-4CB0-B6F2-0570DD181F60}.Release|Any CPU.Build.0 = Release|Any CPU
		{D151832C-15D6-4869-9999-B245443BC23E}.Debug|Any CPU.ActiveCfg = Debug|Any CPU
		{D151832C-15D6-4869-9999-B245443BC23E}.Debug|Any CPU.Build.0 = Debug|Any CPU
		{D151832C-15D6-4869-9999-B245443BC23E}.Release|Any CPU.ActiveCfg = Release|Any CPU
		{D151832C-15D6-4869-9999-B245443BC23E}.Release|Any CPU.Build.0 = Release|Any CPU
		{EC77355C-D442-416A-AE67-E42D5FAD0FB9}.Debug|Any CPU.ActiveCfg = Debug|Any CPU
		{EC77355C-D442-416A-AE67-E42D5FAD0FB9}.Debug|Any CPU.Build.0 = Debug|Any CPU
		{EC77355C-D442-416A-AE67-E42D5FAD0FB9}.Release|Any CPU.ActiveCfg = Release|Any CPU
		{EC77355C-D442-416A-AE67-E42D5FAD0FB9}.Release|Any CPU.Build.0 = Release|Any CPU
		{5CD2408D-6A5A-4824-8F28-A2421088BEF0}.Debug|Any CPU.ActiveCfg = Debug|Any CPU
		{5CD2408D-6A5A-4824-8F28-A2421088BEF0}.Debug|Any CPU.Build.0 = Debug|Any CPU
		{5CD2408D-6A5A-4824-8F28-A2421088BEF0}.Release|Any CPU.ActiveCfg = Release|Any CPU
		{5CD2408D-6A5A-4824-8F28-A2421088BEF0}.Release|Any CPU.Build.0 = Release|Any CPU
		{556F5CA5-5497-4F32-9926-77A9369AB09C}.Debug|Any CPU.ActiveCfg = Debug|Any CPU
		{556F5CA5-5497-4F32-9926-77A9369AB09C}.Debug|Any CPU.Build.0 = Debug|Any CPU
		{556F5CA5-5497-4F32-9926-77A9369AB09C}.Release|Any CPU.ActiveCfg = Release|Any CPU
		{556F5CA5-5497-4F32-9926-77A9369AB09C}.Release|Any CPU.Build.0 = Release|Any CPU
		{69473C7E-DBA7-478B-AE6D-C185AA910FD2}.Debug|Any CPU.ActiveCfg = Debug|Any CPU
		{69473C7E-DBA7-478B-AE6D-C185AA910FD2}.Debug|Any CPU.Build.0 = Debug|Any CPU
		{69473C7E-DBA7-478B-AE6D-C185AA910FD2}.Release|Any CPU.ActiveCfg = Release|Any CPU
		{69473C7E-DBA7-478B-AE6D-C185AA910FD2}.Release|Any CPU.Build.0 = Release|Any CPU
		{204B619C-6D4B-4384-B1E9-E231BA0081BF}.Debug|Any CPU.ActiveCfg = Debug|Any CPU
		{204B619C-6D4B-4384-B1E9-E231BA0081BF}.Debug|Any CPU.Build.0 = Debug|Any CPU
		{204B619C-6D4B-4384-B1E9-E231BA0081BF}.Release|Any CPU.ActiveCfg = Release|Any CPU
		{204B619C-6D4B-4384-B1E9-E231BA0081BF}.Release|Any CPU.Build.0 = Release|Any CPU
		{FA9DFEFA-4F35-4A57-91AE-64C7B5D41EAA}.Debug|Any CPU.ActiveCfg = Debug|Any CPU
		{FA9DFEFA-4F35-4A57-91AE-64C7B5D41EAA}.Debug|Any CPU.Build.0 = Debug|Any CPU
		{FA9DFEFA-4F35-4A57-91AE-64C7B5D41EAA}.Release|Any CPU.ActiveCfg = Release|Any CPU
		{FA9DFEFA-4F35-4A57-91AE-64C7B5D41EAA}.Release|Any CPU.Build.0 = Release|Any CPU
		{EA16606D-6F1C-4A4D-B7A1-8A08B448CD86}.Debug|Any CPU.ActiveCfg = Debug|Any CPU
		{EA16606D-6F1C-4A4D-B7A1-8A08B448CD86}.Debug|Any CPU.Build.0 = Debug|Any CPU
		{EA16606D-6F1C-4A4D-B7A1-8A08B448CD86}.Release|Any CPU.ActiveCfg = Release|Any CPU
		{EA16606D-6F1C-4A4D-B7A1-8A08B448CD86}.Release|Any CPU.Build.0 = Release|Any CPU
		{B7F589EB-524F-4BAD-9419-6576F6527670}.Debug|Any CPU.ActiveCfg = Debug|Any CPU
		{B7F589EB-524F-4BAD-9419-6576F6527670}.Debug|Any CPU.Build.0 = Debug|Any CPU
		{B7F589EB-524F-4BAD-9419-6576F6527670}.Release|Any CPU.ActiveCfg = Release|Any CPU
		{B7F589EB-524F-4BAD-9419-6576F6527670}.Release|Any CPU.Build.0 = Release|Any CPU
		{A3931239-01D7-4277-9A7C-44D751BA746A}.Debug|Any CPU.ActiveCfg = Debug|Any CPU
		{A3931239-01D7-4277-9A7C-44D751BA746A}.Debug|Any CPU.Build.0 = Debug|Any CPU
		{A3931239-01D7-4277-9A7C-44D751BA746A}.Release|Any CPU.ActiveCfg = Release|Any CPU
		{A3931239-01D7-4277-9A7C-44D751BA746A}.Release|Any CPU.Build.0 = Release|Any CPU
		{AF7CACE6-1F26-454D-A814-19CFCF7C5810}.Debug|Any CPU.ActiveCfg = Debug|Any CPU
		{AF7CACE6-1F26-454D-A814-19CFCF7C5810}.Debug|Any CPU.Build.0 = Debug|Any CPU
		{AF7CACE6-1F26-454D-A814-19CFCF7C5810}.Release|Any CPU.ActiveCfg = Release|Any CPU
		{AF7CACE6-1F26-454D-A814-19CFCF7C5810}.Release|Any CPU.Build.0 = Release|Any CPU
		{C681C731-49F2-4C93-A730-467251741457}.Debug|Any CPU.ActiveCfg = Debug|Any CPU
		{C681C731-49F2-4C93-A730-467251741457}.Debug|Any CPU.Build.0 = Debug|Any CPU
		{C681C731-49F2-4C93-A730-467251741457}.Release|Any CPU.ActiveCfg = Release|Any CPU
		{C681C731-49F2-4C93-A730-467251741457}.Release|Any CPU.Build.0 = Release|Any CPU
		{93476F8A-EBF1-4DB4-929F-77F5B96D08E0}.Debug|Any CPU.ActiveCfg = Debug|Any CPU
		{93476F8A-EBF1-4DB4-929F-77F5B96D08E0}.Debug|Any CPU.Build.0 = Debug|Any CPU
		{93476F8A-EBF1-4DB4-929F-77F5B96D08E0}.Release|Any CPU.ActiveCfg = Release|Any CPU
		{93476F8A-EBF1-4DB4-929F-77F5B96D08E0}.Release|Any CPU.Build.0 = Release|Any CPU
		{56BECF00-09F0-463A-A720-BED4495E51E8}.Debug|Any CPU.ActiveCfg = Debug|Any CPU
		{56BECF00-09F0-463A-A720-BED4495E51E8}.Debug|Any CPU.Build.0 = Debug|Any CPU
		{56BECF00-09F0-463A-A720-BED4495E51E8}.Release|Any CPU.ActiveCfg = Release|Any CPU
		{56BECF00-09F0-463A-A720-BED4495E51E8}.Release|Any CPU.Build.0 = Release|Any CPU
		{2FCD6A28-2134-435E-A205-3D55A6F5A389}.Debug|Any CPU.ActiveCfg = Debug|Any CPU
		{2FCD6A28-2134-435E-A205-3D55A6F5A389}.Debug|Any CPU.Build.0 = Debug|Any CPU
		{2FCD6A28-2134-435E-A205-3D55A6F5A389}.Release|Any CPU.ActiveCfg = Release|Any CPU
		{2FCD6A28-2134-435E-A205-3D55A6F5A389}.Release|Any CPU.Build.0 = Release|Any CPU
		{C073A609-8A6A-4707-86B0-7BB32EF8ACEE}.Debug|Any CPU.ActiveCfg = Debug|Any CPU
		{C073A609-8A6A-4707-86B0-7BB32EF8ACEE}.Debug|Any CPU.Build.0 = Debug|Any CPU
		{C073A609-8A6A-4707-86B0-7BB32EF8ACEE}.Release|Any CPU.ActiveCfg = Release|Any CPU
		{C073A609-8A6A-4707-86B0-7BB32EF8ACEE}.Release|Any CPU.Build.0 = Release|Any CPU
		{C658B37D-FD36-4868-9070-4EB452FAE526}.Debug|Any CPU.ActiveCfg = Debug|Any CPU
		{C658B37D-FD36-4868-9070-4EB452FAE526}.Debug|Any CPU.Build.0 = Debug|Any CPU
		{C658B37D-FD36-4868-9070-4EB452FAE526}.Release|Any CPU.ActiveCfg = Release|Any CPU
		{C658B37D-FD36-4868-9070-4EB452FAE526}.Release|Any CPU.Build.0 = Release|Any CPU
		{6CBEB31D-5F98-460F-B193-578AEEA78CF9}.Debug|Any CPU.ActiveCfg = Debug|Any CPU
		{6CBEB31D-5F98-460F-B193-578AEEA78CF9}.Debug|Any CPU.Build.0 = Debug|Any CPU
		{6CBEB31D-5F98-460F-B193-578AEEA78CF9}.Release|Any CPU.ActiveCfg = Release|Any CPU
		{6CBEB31D-5F98-460F-B193-578AEEA78CF9}.Release|Any CPU.Build.0 = Release|Any CPU
		{1F189DA5-C5E9-4168-B65B-8BE22BB05912}.Debug|Any CPU.ActiveCfg = Debug|Any CPU
		{1F189DA5-C5E9-4168-B65B-8BE22BB05912}.Debug|Any CPU.Build.0 = Debug|Any CPU
		{1F189DA5-C5E9-4168-B65B-8BE22BB05912}.Release|Any CPU.ActiveCfg = Release|Any CPU
		{1F189DA5-C5E9-4168-B65B-8BE22BB05912}.Release|Any CPU.Build.0 = Release|Any CPU
		{4FF6D163-9E9B-4F5F-8742-B6D902EDC358}.Debug|Any CPU.ActiveCfg = Debug|Any CPU
		{4FF6D163-9E9B-4F5F-8742-B6D902EDC358}.Debug|Any CPU.Build.0 = Debug|Any CPU
		{4FF6D163-9E9B-4F5F-8742-B6D902EDC358}.Release|Any CPU.ActiveCfg = Release|Any CPU
		{4FF6D163-9E9B-4F5F-8742-B6D902EDC358}.Release|Any CPU.Build.0 = Release|Any CPU
		{D3270F02-BD3C-413F-8138-DD6B68B44ACF}.Debug|Any CPU.ActiveCfg = Debug|Any CPU
		{D3270F02-BD3C-413F-8138-DD6B68B44ACF}.Debug|Any CPU.Build.0 = Debug|Any CPU
		{D3270F02-BD3C-413F-8138-DD6B68B44ACF}.Release|Any CPU.ActiveCfg = Release|Any CPU
		{D3270F02-BD3C-413F-8138-DD6B68B44ACF}.Release|Any CPU.Build.0 = Release|Any CPU
		{53B4DA61-8594-4D17-87C9-2773D4FCA6EA}.Debug|Any CPU.ActiveCfg = Debug|Any CPU
		{53B4DA61-8594-4D17-87C9-2773D4FCA6EA}.Debug|Any CPU.Build.0 = Debug|Any CPU
		{53B4DA61-8594-4D17-87C9-2773D4FCA6EA}.Release|Any CPU.ActiveCfg = Release|Any CPU
		{53B4DA61-8594-4D17-87C9-2773D4FCA6EA}.Release|Any CPU.Build.0 = Release|Any CPU
		{67EC9444-7D34-4C75-B34D-FBA0F35A25CE}.Debug|Any CPU.ActiveCfg = Debug|Any CPU
		{67EC9444-7D34-4C75-B34D-FBA0F35A25CE}.Debug|Any CPU.Build.0 = Debug|Any CPU
		{67EC9444-7D34-4C75-B34D-FBA0F35A25CE}.Release|Any CPU.ActiveCfg = Release|Any CPU
		{67EC9444-7D34-4C75-B34D-FBA0F35A25CE}.Release|Any CPU.Build.0 = Release|Any CPU
		{185C7215-66EE-4CB5-ADB5-331DC53EA81F}.Debug|Any CPU.ActiveCfg = Debug|Any CPU
		{185C7215-66EE-4CB5-ADB5-331DC53EA81F}.Debug|Any CPU.Build.0 = Debug|Any CPU
		{185C7215-66EE-4CB5-ADB5-331DC53EA81F}.Release|Any CPU.ActiveCfg = Release|Any CPU
		{185C7215-66EE-4CB5-ADB5-331DC53EA81F}.Release|Any CPU.Build.0 = Release|Any CPU
		{90C5D62C-CE31-2F54-BEF9-F0DA12C8CE19}.Debug|Any CPU.ActiveCfg = Debug|Any CPU
		{90C5D62C-CE31-2F54-BEF9-F0DA12C8CE19}.Debug|Any CPU.Build.0 = Debug|Any CPU
		{90C5D62C-CE31-2F54-BEF9-F0DA12C8CE19}.Release|Any CPU.ActiveCfg = Release|Any CPU
		{90C5D62C-CE31-2F54-BEF9-F0DA12C8CE19}.Release|Any CPU.Build.0 = Release|Any CPU
	EndGlobalSection
	GlobalSection(SolutionProperties) = preSolution
		HideSolutionNode = FALSE
	EndGlobalSection
	GlobalSection(NestedProjects) = preSolution
		{0359B7D7-7E29-48E9-8DF9-7D1FACFA5CFA} = {A10B5CD6-38EC-4D7E-9D1C-2EBA8017E437}
		{D87E7021-4926-4F5A-AC81-92AFC575FB7E} = {577A0375-1436-446C-802B-3C75C8CEF94F}
		{2D7D31B3-E8D0-445A-BB24-216ABA3CB778} = {A10B5CD6-38EC-4D7E-9D1C-2EBA8017E437}
		{48E0CB65-33D4-49CD-9E22-1AD49D8684B0} = {0359B7D7-7E29-48E9-8DF9-7D1FACFA5CFA}
		{7E637287-6E34-4BEC-8226-B052062AEA1F} = {0359B7D7-7E29-48E9-8DF9-7D1FACFA5CFA}
		{FA04B445-D04C-4075-9EB0-4D0A70E47FC4} = {974420E8-FEEA-4564-B4CE-BE06F7457E3B}
		{974420E8-FEEA-4564-B4CE-BE06F7457E3B} = {A10B5CD6-38EC-4D7E-9D1C-2EBA8017E437}
		{1B51F6C9-226E-479B-9212-E6C02A1E6633} = {974420E8-FEEA-4564-B4CE-BE06F7457E3B}
		{D649B28A-352C-4CB0-B6F2-0570DD181F60} = {8BE0FE31-6A52-452E-BE71-B8C64A3ED402}
		{D151832C-15D6-4869-9999-B245443BC23E} = {8BE0FE31-6A52-452E-BE71-B8C64A3ED402}
		{EC77355C-D442-416A-AE67-E42D5FAD0FB9} = {8BE0FE31-6A52-452E-BE71-B8C64A3ED402}
		{5CD2408D-6A5A-4824-8F28-A2421088BEF0} = {8BE0FE31-6A52-452E-BE71-B8C64A3ED402}
		{556F5CA5-5497-4F32-9926-77A9369AB09C} = {8BE0FE31-6A52-452E-BE71-B8C64A3ED402}
		{69473C7E-DBA7-478B-AE6D-C185AA910FD2} = {8BE0FE31-6A52-452E-BE71-B8C64A3ED402}
		{204B619C-6D4B-4384-B1E9-E231BA0081BF} = {0359B7D7-7E29-48E9-8DF9-7D1FACFA5CFA}
		{FA9DFEFA-4F35-4A57-91AE-64C7B5D41EAA} = {8BE0FE31-6A52-452E-BE71-B8C64A3ED402}
		{EA16606D-6F1C-4A4D-B7A1-8A08B448CD86} = {8BE0FE31-6A52-452E-BE71-B8C64A3ED402}
		{B7F589EB-524F-4BAD-9419-6576F6527670} = {05275A0B-57E4-484C-B181-227697C7B89A}
		{A3931239-01D7-4277-9A7C-44D751BA746A} = {8BE0FE31-6A52-452E-BE71-B8C64A3ED402}
		{16EAF4F9-9860-4BB9-8992-98522E68E570} = {8BE0FE31-6A52-452E-BE71-B8C64A3ED402}
		{AF7CACE6-1F26-454D-A814-19CFCF7C5810} = {16EAF4F9-9860-4BB9-8992-98522E68E570}
		{C681C731-49F2-4C93-A730-467251741457} = {16EAF4F9-9860-4BB9-8992-98522E68E570}
		{229D5199-8A48-4174-AE8F-0B4C91170751} = {8BE0FE31-6A52-452E-BE71-B8C64A3ED402}
		{93476F8A-EBF1-4DB4-929F-77F5B96D08E0} = {229D5199-8A48-4174-AE8F-0B4C91170751}
		{56BECF00-09F0-463A-A720-BED4495E51E8} = {974420E8-FEEA-4564-B4CE-BE06F7457E3B}
		{6070E0CF-FA21-4E82-8A22-3B638CA84525} = {8BE0FE31-6A52-452E-BE71-B8C64A3ED402}
		{2FCD6A28-2134-435E-A205-3D55A6F5A389} = {6070E0CF-FA21-4E82-8A22-3B638CA84525}
		{C073A609-8A6A-4707-86B0-7BB32EF8ACEE} = {6070E0CF-FA21-4E82-8A22-3B638CA84525}
		{B6B374C2-ABD8-4F3B-BBF4-505992309168} = {577A0375-1436-446C-802B-3C75C8CEF94F}
		{C658B37D-FD36-4868-9070-4EB452FAE526} = {A10B5CD6-38EC-4D7E-9D1C-2EBA8017E437}
		{6CBEB31D-5F98-460F-B193-578AEEA78CF9} = {8BE0FE31-6A52-452E-BE71-B8C64A3ED402}
		{53475D78-4500-4399-9539-0D5403C13C7A} = {577A0375-1436-446C-802B-3C75C8CEF94F}
		{1F189DA5-C5E9-4168-B65B-8BE22BB05912} = {D93DD6F6-7AA0-402C-845C-A7FDF722D0A2}
		{4FF6D163-9E9B-4F5F-8742-B6D902EDC358} = {D93DD6F6-7AA0-402C-845C-A7FDF722D0A2}
		{D93DD6F6-7AA0-402C-845C-A7FDF722D0A2} = {8BE0FE31-6A52-452E-BE71-B8C64A3ED402}
		{D3270F02-BD3C-413F-8138-DD6B68B44ACF} = {8BE0FE31-6A52-452E-BE71-B8C64A3ED402}
		{53B4DA61-8594-4D17-87C9-2773D4FCA6EA} = {8BE0FE31-6A52-452E-BE71-B8C64A3ED402}
		{67EC9444-7D34-4C75-B34D-FBA0F35A25CE} = {8BE0FE31-6A52-452E-BE71-B8C64A3ED402}
		{185C7215-66EE-4CB5-ADB5-331DC53EA81F} = {8BE0FE31-6A52-452E-BE71-B8C64A3ED402}
		{90C5D62C-CE31-2F54-BEF9-F0DA12C8CE19} = {A10B5CD6-38EC-4D7E-9D1C-2EBA8017E437}
	EndGlobalSection
	GlobalSection(ExtensibilityGlobals) = postSolution
		SolutionGuid = {A4D0636F-0160-4FA5-81A3-9784C7E3B3A4}
	EndGlobalSection
EndGlobal
