
Microsoft Visual Studio Solution File, Format Version 12.00
# Visual Studio Version 16
VisualStudioVersion = 16.0.30104.148
MinimumVisualStudioVersion = 10.0.40219.1
Project("{9A19103F-16F7-4668-BE54-9A1E7A4F7556}") = "TechTalk.SpecFlow.TestProjectGenerator", "SpecFlow.TestProjectGenerator\TechTalk.SpecFlow.TestProjectGenerator.csproj", "{84640955-1A9B-4AA5-B06D-4AD7EC75E3C0}"
EndProject
Project("{9A19103F-16F7-4668-BE54-9A1E7A4F7556}") = "TechTalk.SpecFlow.TestProjectGenerator.Tests", "SpecFlow.TestProjectGenerator.Tests\TechTalk.SpecFlow.TestProjectGenerator.Tests.csproj", "{3094F35E-CD0B-4031-8D21-E551F798F8C1}"
EndProject
Project("{2150E333-8FDC-42A3-9474-1A3956D46DE8}") = "Solution Items", "Solution Items", "{DABB2C30-D6AC-4AFB-9B5B-4E31D810C5D2}"
	ProjectSection(SolutionItems) = preProject
		GitVersion.yml = GitVersion.yml
	EndProjectSection
EndProject
Project("{FAE04EC0-301F-11D3-BF4B-00C04F79EFBC}") = "SpecFlow.TestProjectGenerator.Cli", "SpecFlow.TestProjectGenerator.Cli\SpecFlow.TestProjectGenerator.Cli.csproj", "{24697021-6948-45C0-BF82-4371D5435C62}"
EndProject
Global
	GlobalSection(SolutionConfigurationPlatforms) = preSolution
		Debug|Any CPU = Debug|Any CPU
		Release|Any CPU = Release|Any CPU
	EndGlobalSection
	GlobalSection(ProjectConfigurationPlatforms) = postSolution
		{84640955-1A9B-4AA5-B06D-4AD7EC75E3C0}.Debug|Any CPU.ActiveCfg = Debug|Any CPU
		{84640955-1A9B-4AA5-B06D-4AD7EC75E3C0}.Debug|Any CPU.Build.0 = Debug|Any CPU
		{84640955-1A9B-4AA5-B06D-4AD7EC75E3C0}.Release|Any CPU.ActiveCfg = Release|Any CPU
		{84640955-1A9B-4AA5-B06D-4AD7EC75E3C0}.Release|Any CPU.Build.0 = Release|Any CPU
		{3094F35E-CD0B-4031-8D21-E551F798F8C1}.Debug|Any CPU.ActiveCfg = Debug|Any CPU
		{3094F35E-CD0B-4031-8D21-E551F798F8C1}.Debug|Any CPU.Build.0 = Debug|Any CPU
		{3094F35E-CD0B-4031-8D21-E551F798F8C1}.Release|Any CPU.ActiveCfg = Release|Any CPU
		{3094F35E-CD0B-4031-8D21-E551F798F8C1}.Release|Any CPU.Build.0 = Release|Any CPU
		{24697021-6948-45C0-BF82-4371D5435C62}.Debug|Any CPU.ActiveCfg = Debug|Any CPU
		{24697021-6948-45C0-BF82-4371D5435C62}.Debug|Any CPU.Build.0 = Debug|Any CPU
		{24697021-6948-45C0-BF82-4371D5435C62}.Release|Any CPU.ActiveCfg = Release|Any CPU
		{24697021-6948-45C0-BF82-4371D5435C62}.Release|Any CPU.Build.0 = Release|Any CPU
	EndGlobalSection
	GlobalSection(SolutionProperties) = preSolution
		HideSolutionNode = FALSE
	EndGlobalSection
	GlobalSection(ExtensibilityGlobals) = postSolution
		SolutionGuid = {D96E16DE-09FD-41AF-A2B4-5704919244C0}
	EndGlobalSection
EndGlobal
