
Microsoft Visual Studio Solution File, Format Version 12.00
# Visual Studio Version 17
VisualStudioVersion = 17.12.35521.163
MinimumVisualStudioVersion = 10.0.40219.1
Project("{FAE04EC0-301F-11D3-BF4B-00C04F79EFBC}") = "Reqnroll.Assist.Dynamic", "Reqnroll.Assist.Dynamic\Reqnroll.Assist.Dynamic.csproj", "{53D35893-94C2-4CCF-8F8F-C7F9E3D89823}"
EndProject
Project("{FAE04EC0-301F-11D3-BF4B-00C04F79EFBC}") = "Reqnroll.Assist.Dynamic.Specs", "Reqnroll.Assist.Dynamic.Specs\Reqnroll.Assist.Dynamic.Specs.csproj", "{1A31CDC7-F36E-4A48-8B5D-1C8D754933F5}"
EndProject
Global
	GlobalSection(SolutionConfigurationPlatforms) = preSolution
		Debug|Any CPU = Debug|Any CPU
		Release|Any CPU = Release|Any CPU
	EndGlobalSection
	GlobalSection(ProjectConfigurationPlatforms) = postSolution
		{53D35893-94C2-4CCF-8F8F-C7F9E3D89823}.Debug|Any CPU.ActiveCfg = Debug|Any CPU
		{53D35893-94C2-4CCF-8F8F-C7F9E3D89823}.Debug|Any CPU.Build.0 = Debug|Any CPU
		{53D35893-94C2-4CCF-8F8F-C7F9E3D89823}.Release|Any CPU.ActiveCfg = Release|Any CPU
		{53D35893-94C2-4CCF-8F8F-C7F9E3D89823}.Release|Any CPU.Build.0 = Release|Any CPU
		{1A31CDC7-F36E-4A48-8B5D-1C8D754933F5}.Debug|Any CPU.ActiveCfg = Debug|Any CPU
		{1A31CDC7-F36E-4A48-8B5D-1C8D754933F5}.Debug|Any CPU.Build.0 = Debug|Any CPU
		{1A31CDC7-F36E-4A48-8B5D-1C8D754933F5}.Release|Any CPU.ActiveCfg = Release|Any CPU
		{1A31CDC7-F36E-4A48-8B5D-1C8D754933F5}.Release|Any CPU.Build.0 = Release|Any CPU
	EndGlobalSection
	GlobalSection(SolutionProperties) = preSolution
		HideSolutionNode = FALSE
	EndGlobalSection
EndGlobal
